Microsoft Visual Studio Solution File, Format Version 12.00
# Visual Studio Version 17
VisualStudioVersion = 17.2.32630.192
MinimumVisualStudioVersion = 10.0.40219.1
Project("{2150E333-8FDC-42A3-9474-1A3956D46DE8}") = "Solution Items", "Solution Items", "{29E060A0-1293-480F-B9B9-AC015E8DD64F}"
	ProjectSection(SolutionItems) = preProject
		.editorconfig = .editorconfig
		.gitattributes = .gitattributes
		.gitignore = .gitignore
		publish.wpf.bat = publish.wpf.bat
	EndProjectSection
EndProject
Project("{9A19103F-16F7-4668-BE54-9A1E7A4F7556}") = "MakiMoki.Core", "src\core\MakiMoki.Core\MakiMoki.Core.csproj", "{5BA0BF4B-823D-413A-86D9-EB5B3D719B22}"
EndProject
Project("{9A19103F-16F7-4668-BE54-9A1E7A4F7556}") = "MakiMoki.Wpf", "src\wpf\MakiMoki.Wpf\MakiMoki.Wpf.csproj", "{E637E7F7-50C9-41C6-B82D-FE6AC7A5CB30}"
EndProject
Project("{9A19103F-16F7-4668-BE54-9A1E7A4F7556}") = "MakiMoki.Core.Ng", "src\core\MakiMoki.Core.Ng\MakiMoki.Core.Ng.csproj", "{2E7E97A0-5AC2-441E-8EEB-07135359830F}"
EndProject
Project("{9A19103F-16F7-4668-BE54-9A1E7A4F7556}") = "MakiMoki.Wpf.Canvas98", "src\wpf\MakiMoki.Wpf.Canvas98\MakiMoki.Wpf.Canvas98.csproj", "{72B70F93-45D8-42AE-A24A-CF5D4722E82A}"
EndProject
Project("{D954291E-2A0B-460D-934E-DC6B0785DB48}") = "MakiMoki.Shared.Reactive", "..\futaba-makimoki\src\shared\MakiMoki.Shared.Reactive\MakiMoki.Shared.Reactive.shproj", "{16DB6A27-AB9D-441B-BEBE-ED0F94C07398}"
EndProject
Project("{D954291E-2A0B-460D-934E-DC6B0785DB48}") = "MakiMoki.Shared.Futaba", "src\shared\MakiMoki.Shared.Futaba\MakiMoki.Shared.Futaba.shproj", "{9FA605F0-AC67-4D9D-87B0-825C892ACAC2}"
EndProject
Global
	GlobalSection(SolutionConfigurationPlatforms) = preSolution
		Debug|Any CPU = Debug|Any CPU
		Release|Any CPU = Release|Any CPU
	EndGlobalSection
	GlobalSection(ProjectConfigurationPlatforms) = postSolution
		{5BA0BF4B-823D-413A-86D9-EB5B3D719B22}.Debug|Any CPU.ActiveCfg = Debug|Any CPU
		{5BA0BF4B-823D-413A-86D9-EB5B3D719B22}.Debug|Any CPU.Build.0 = Debug|Any CPU
		{5BA0BF4B-823D-413A-86D9-EB5B3D719B22}.Release|Any CPU.ActiveCfg = Release|Any CPU
		{5BA0BF4B-823D-413A-86D9-EB5B3D719B22}.Release|Any CPU.Build.0 = Release|Any CPU
		{E637E7F7-50C9-41C6-B82D-FE6AC7A5CB30}.Debug|Any CPU.ActiveCfg = Debug|Any CPU
		{E637E7F7-50C9-41C6-B82D-FE6AC7A5CB30}.Debug|Any CPU.Build.0 = Debug|Any CPU
		{E637E7F7-50C9-41C6-B82D-FE6AC7A5CB30}.Release|Any CPU.ActiveCfg = Release|Any CPU
		{E637E7F7-50C9-41C6-B82D-FE6AC7A5CB30}.Release|Any CPU.Build.0 = Release|Any CPU
		{2E7E97A0-5AC2-441E-8EEB-07135359830F}.Debug|Any CPU.ActiveCfg = Debug|Any CPU
		{2E7E97A0-5AC2-441E-8EEB-07135359830F}.Debug|Any CPU.Build.0 = Debug|Any CPU
		{2E7E97A0-5AC2-441E-8EEB-07135359830F}.Release|Any CPU.ActiveCfg = Release|Any CPU
		{2E7E97A0-5AC2-441E-8EEB-07135359830F}.Release|Any CPU.Build.0 = Release|Any CPU
		{72B70F93-45D8-42AE-A24A-CF5D4722E82A}.Debug|Any CPU.ActiveCfg = Debug|Any CPU
		{72B70F93-45D8-42AE-A24A-CF5D4722E82A}.Debug|Any CPU.Build.0 = Debug|Any CPU
		{72B70F93-45D8-42AE-A24A-CF5D4722E82A}.Release|Any CPU.ActiveCfg = Release|Any CPU
		{72B70F93-45D8-42AE-A24A-CF5D4722E82A}.Release|Any CPU.Build.0 = Release|Any CPU
	EndGlobalSection
	GlobalSection(SolutionProperties) = preSolution
		HideSolutionNode = FALSE
	EndGlobalSection
	GlobalSection(ExtensibilityGlobals) = postSolution
		SolutionGuid = {09DD425B-7B31-45D5-83FD-0F8CA1AF9E75}
	EndGlobalSection
	GlobalSection(SharedMSBuildProjectFiles) = preSolution
		..\futaba-makimoki\src\shared\MakiMoki.Shared.Reactive\MakiMoki.Shared.Reactive.projitems*{16db6a27-ab9d-441b-bebe-ed0f94c07398}*SharedItemsImports = 13
		src\shared\MakiMoki.Shared.Futaba\MakiMoki.Shared.Futaba.projitems*{9fa605f0-ac67-4d9d-87b0-825c892acac2}*SharedItemsImports = 13
		src\shared\MakiMoki.Shared.Futaba\MakiMoki.Shared.Futaba.projitems*{e637e7f7-50c9-41c6-b82d-fe6ac7a5cb30}*SharedItemsImports = 5
		..\futaba-makimoki\src\shared\MakiMoki.Shared.Reactive\MakiMoki.Shared.Reactive.projitems*{e637e7f7-50c9-41c6-b82d-fe6ac7a5cb30}*SharedItemsImports = 5
	EndGlobalSection
EndGlobal
