Microsoft Visual Studio Solution File, Format Version 12.00
# Visual Studio Version 16
VisualStudioVersion = 16.0.29519.87
MinimumVisualStudioVersion = 10.0.40219.1
Project("{2150E333-8FDC-42A3-9474-1A3956D46DE8}") = "Solution Items", "Solution Items", "{29E060A0-1293-480F-B9B9-AC015E8DD64F}"
	ProjectSection(SolutionItems) = preProject
		.editorconfig = .editorconfig
		.gitattributes = .gitattributes
		.gitignore = .gitignore
		publish.wpf.bat = publish.wpf.bat
	EndProjectSection
EndProject
Project("{9A19103F-16F7-4668-BE54-9A1E7A4F7556}") = "MakiMoki.Core", "src\core\MakiMoki.Core\MakiMoki.Core.csproj", "{5BA0BF4B-823D-413A-86D9-EB5B3D719B22}"
EndProject
Project("{9A19103F-16F7-4668-BE54-9A1E7A4F7556}") = "MakiMoki.Core.Ng", "src\core\MakiMoki.Core.Ng\MakiMoki.Core.Ng.csproj", "{2E7E97A0-5AC2-441E-8EEB-07135359830F}"
EndProject
Project("{2150E333-8FDC-42A3-9474-1A3956D46DE8}") = "Platforms", "Platforms", "{11F483A8-6626-46F6-8A8F-E62D1BBCE205}"
EndProject
Project("{D954291E-2A0B-460D-934E-DC6B0785DB48}") = "MakiMoki.Uno.Shared", "src\uno\MakiMoki.Uno.Shared\MakiMoki.Uno.Shared.shproj", "{6279C845-92F8-4333-AB99-3D213163593C}"
EndProject
Project("{FAE04EC0-301F-11D3-BF4B-00C04F79EFBC}") = "MakiMoki.Uno.Droid", "src\uno\MakiMoki.Uno.Droid\MakiMoki.Uno.Droid.csproj", "{657C72BA-14A4-4BC2-8B9F-D354690864D7}"
EndProject
Project("{FAE04EC0-301F-11D3-BF4B-00C04F79EFBC}") = "MakiMoki.Uno.iOS", "src\uno\MakiMoki.Uno.iOS\MakiMoki.Uno.iOS.csproj", "{03DA2B9A-9850-4D9B-82BD-562D22C4D7DD}"
EndProject
Project("{FAE04EC0-301F-11D3-BF4B-00C04F79EFBC}") = "MakiMoki.Uno.UWP", "src\uno\MakiMoki.Uno.UWP\MakiMoki.Uno.UWP.csproj", "{9B258183-8370-4C86-9241-340BDF73E67F}"
EndProject
Project("{D954291E-2A0B-460D-934E-DC6B0785DB48}") = "MakiMoki.Shared.Bindings", "src\shared\MakiMoki.Shared.Bindings\MakiMoki.Shared.Bindings.shproj", "{FC038C3F-AE25-4A24-BE1F-A5595C6729F3}"
EndProject
Global
	GlobalSection(SharedMSBuildProjectFiles) = preSolution
		src\shared\MakiMoki.Shared.Bindings\MakiMoki.Shared.Bindings.projitems*{03da2b9a-9850-4d9b-82bd-562d22c4d7dd}*SharedItemsImports = 4
		src\uno\MakiMoki.Uno.Shared\MakiMoki.Uno.Shared.projitems*{03da2b9a-9850-4d9b-82bd-562d22c4d7dd}*SharedItemsImports = 4
		src\uno\MakiMoki.Uno.Shared\MakiMoki.Uno.Shared.projitems*{6279c845-92f8-4333-ab99-3d213163593c}*SharedItemsImports = 13
		src\shared\MakiMoki.Shared.Bindings\MakiMoki.Shared.Bindings.projitems*{657c72ba-14a4-4bc2-8b9f-d354690864d7}*SharedItemsImports = 4
		src\uno\MakiMoki.Uno.Shared\MakiMoki.Uno.Shared.projitems*{657c72ba-14a4-4bc2-8b9f-d354690864d7}*SharedItemsImports = 4
		src\shared\MakiMoki.Shared.Bindings\MakiMoki.Shared.Bindings.projitems*{9b258183-8370-4c86-9241-340bdf73e67f}*SharedItemsImports = 4
		src\uno\MakiMoki.Uno.Shared\MakiMoki.Uno.Shared.projitems*{9b258183-8370-4c86-9241-340bdf73e67f}*SharedItemsImports = 4
		src\shared\MakiMoki.Shared.Bindings\MakiMoki.Shared.Bindings.projitems*{fc038c3f-ae25-4a24-be1f-a5595c6729f3}*SharedItemsImports = 13
	EndGlobalSection
	GlobalSection(SolutionConfigurationPlatforms) = preSolution
		Ad-Hoc|Any CPU = Ad-Hoc|Any CPU
		Ad-Hoc|ARM = Ad-Hoc|ARM
		Ad-Hoc|ARM64 = Ad-Hoc|ARM64
		Ad-Hoc|iPhone = Ad-Hoc|iPhone
		Ad-Hoc|iPhoneSimulator = Ad-Hoc|iPhoneSimulator
		Ad-Hoc|x64 = Ad-Hoc|x64
		Ad-Hoc|x86 = Ad-Hoc|x86
		AppStore|Any CPU = AppStore|Any CPU
		AppStore|ARM = AppStore|ARM
		AppStore|ARM64 = AppStore|ARM64
		AppStore|iPhone = AppStore|iPhone
		AppStore|iPhoneSimulator = AppStore|iPhoneSimulator
		AppStore|x64 = AppStore|x64
		AppStore|x86 = AppStore|x86
		Debug|Any CPU = Debug|Any CPU
		Debug|ARM = Debug|ARM
		Debug|ARM64 = Debug|ARM64
		Debug|iPhone = Debug|iPhone
		Debug|iPhoneSimulator = Debug|iPhoneSimulator
		Debug|x64 = Debug|x64
		Debug|x86 = Debug|x86
		Release|Any CPU = Release|Any CPU
		Release|ARM = Release|ARM
		Release|ARM64 = Release|ARM64
		Release|iPhone = Release|iPhone
		Release|iPhoneSimulator = Release|iPhoneSimulator
		Release|x64 = Release|x64
		Release|x86 = Release|x86
	EndGlobalSection
	GlobalSection(ProjectConfigurationPlatforms) = postSolution
		{5BA0BF4B-823D-413A-86D9-EB5B3D719B22}.Ad-Hoc|Any CPU.ActiveCfg = Release|Any CPU
		{5BA0BF4B-823D-413A-86D9-EB5B3D719B22}.Ad-Hoc|Any CPU.Build.0 = Release|Any CPU
		{5BA0BF4B-823D-413A-86D9-EB5B3D719B22}.Ad-Hoc|ARM.ActiveCfg = Release|Any CPU
		{5BA0BF4B-823D-413A-86D9-EB5B3D719B22}.Ad-Hoc|ARM.Build.0 = Release|Any CPU
		{5BA0BF4B-823D-413A-86D9-EB5B3D719B22}.Ad-Hoc|ARM64.ActiveCfg = Release|Any CPU
		{5BA0BF4B-823D-413A-86D9-EB5B3D719B22}.Ad-Hoc|ARM64.Build.0 = Release|Any CPU
		{5BA0BF4B-823D-413A-86D9-EB5B3D719B22}.Ad-Hoc|iPhone.ActiveCfg = Release|Any CPU
		{5BA0BF4B-823D-413A-86D9-EB5B3D719B22}.Ad-Hoc|iPhone.Build.0 = Release|Any CPU
		{5BA0BF4B-823D-413A-86D9-EB5B3D719B22}.Ad-Hoc|iPhoneSimulator.ActiveCfg = Release|Any CPU
		{5BA0BF4B-823D-413A-86D9-EB5B3D719B22}.Ad-Hoc|iPhoneSimulator.Build.0 = Release|Any CPU
		{5BA0BF4B-823D-413A-86D9-EB5B3D719B22}.Ad-Hoc|x64.ActiveCfg = Release|Any CPU
		{5BA0BF4B-823D-413A-86D9-EB5B3D719B22}.Ad-Hoc|x64.Build.0 = Release|Any CPU
		{5BA0BF4B-823D-413A-86D9-EB5B3D719B22}.Ad-Hoc|x86.ActiveCfg = Release|Any CPU
		{5BA0BF4B-823D-413A-86D9-EB5B3D719B22}.Ad-Hoc|x86.Build.0 = Release|Any CPU
		{5BA0BF4B-823D-413A-86D9-EB5B3D719B22}.AppStore|Any CPU.ActiveCfg = Release|Any CPU
		{5BA0BF4B-823D-413A-86D9-EB5B3D719B22}.AppStore|Any CPU.Build.0 = Release|Any CPU
		{5BA0BF4B-823D-413A-86D9-EB5B3D719B22}.AppStore|ARM.ActiveCfg = Release|Any CPU
		{5BA0BF4B-823D-413A-86D9-EB5B3D719B22}.AppStore|ARM.Build.0 = Release|Any CPU
		{5BA0BF4B-823D-413A-86D9-EB5B3D719B22}.AppStore|ARM64.ActiveCfg = Release|Any CPU
		{5BA0BF4B-823D-413A-86D9-EB5B3D719B22}.AppStore|ARM64.Build.0 = Release|Any CPU
		{5BA0BF4B-823D-413A-86D9-EB5B3D719B22}.AppStore|iPhone.ActiveCfg = Release|Any CPU
		{5BA0BF4B-823D-413A-86D9-EB5B3D719B22}.AppStore|iPhone.Build.0 = Release|Any CPU
		{5BA0BF4B-823D-413A-86D9-EB5B3D719B22}.AppStore|iPhoneSimulator.ActiveCfg = Release|Any CPU
		{5BA0BF4B-823D-413A-86D9-EB5B3D719B22}.AppStore|iPhoneSimulator.Build.0 = Release|Any CPU
		{5BA0BF4B-823D-413A-86D9-EB5B3D719B22}.AppStore|x64.ActiveCfg = Release|Any CPU
		{5BA0BF4B-823D-413A-86D9-EB5B3D719B22}.AppStore|x64.Build.0 = Release|Any CPU
		{5BA0BF4B-823D-413A-86D9-EB5B3D719B22}.AppStore|x86.ActiveCfg = Release|Any CPU
		{5BA0BF4B-823D-413A-86D9-EB5B3D719B22}.AppStore|x86.Build.0 = Release|Any CPU
		{5BA0BF4B-823D-413A-86D9-EB5B3D719B22}.Debug|Any CPU.ActiveCfg = Debug|Any CPU
		{5BA0BF4B-823D-413A-86D9-EB5B3D719B22}.Debug|Any CPU.Build.0 = Debug|Any CPU
		{5BA0BF4B-823D-413A-86D9-EB5B3D719B22}.Debug|ARM.ActiveCfg = Debug|Any CPU
		{5BA0BF4B-823D-413A-86D9-EB5B3D719B22}.Debug|ARM.Build.0 = Debug|Any CPU
		{5BA0BF4B-823D-413A-86D9-EB5B3D719B22}.Debug|ARM64.ActiveCfg = Debug|Any CPU
		{5BA0BF4B-823D-413A-86D9-EB5B3D719B22}.Debug|ARM64.Build.0 = Debug|Any CPU
		{5BA0BF4B-823D-413A-86D9-EB5B3D719B22}.Debug|iPhone.ActiveCfg = Debug|Any CPU
		{5BA0BF4B-823D-413A-86D9-EB5B3D719B22}.Debug|iPhone.Build.0 = Debug|Any CPU
		{5BA0BF4B-823D-413A-86D9-EB5B3D719B22}.Debug|iPhoneSimulator.ActiveCfg = Debug|Any CPU
		{5BA0BF4B-823D-413A-86D9-EB5B3D719B22}.Debug|iPhoneSimulator.Build.0 = Debug|Any CPU
		{5BA0BF4B-823D-413A-86D9-EB5B3D719B22}.Debug|x64.ActiveCfg = Debug|Any CPU
		{5BA0BF4B-823D-413A-86D9-EB5B3D719B22}.Debug|x64.Build.0 = Debug|Any CPU
		{5BA0BF4B-823D-413A-86D9-EB5B3D719B22}.Debug|x86.ActiveCfg = Debug|Any CPU
		{5BA0BF4B-823D-413A-86D9-EB5B3D719B22}.Debug|x86.Build.0 = Debug|Any CPU
		{5BA0BF4B-823D-413A-86D9-EB5B3D719B22}.Release|Any CPU.ActiveCfg = Release|Any CPU
		{5BA0BF4B-823D-413A-86D9-EB5B3D719B22}.Release|Any CPU.Build.0 = Release|Any CPU
		{5BA0BF4B-823D-413A-86D9-EB5B3D719B22}.Release|ARM.ActiveCfg = Release|Any CPU
		{5BA0BF4B-823D-413A-86D9-EB5B3D719B22}.Release|ARM.Build.0 = Release|Any CPU
		{5BA0BF4B-823D-413A-86D9-EB5B3D719B22}.Release|ARM64.ActiveCfg = Release|Any CPU
		{5BA0BF4B-823D-413A-86D9-EB5B3D719B22}.Release|ARM64.Build.0 = Release|Any CPU
		{5BA0BF4B-823D-413A-86D9-EB5B3D719B22}.Release|iPhone.ActiveCfg = Release|Any CPU
		{5BA0BF4B-823D-413A-86D9-EB5B3D719B22}.Release|iPhone.Build.0 = Release|Any CPU
		{5BA0BF4B-823D-413A-86D9-EB5B3D719B22}.Release|iPhoneSimulator.ActiveCfg = Release|Any CPU
		{5BA0BF4B-823D-413A-86D9-EB5B3D719B22}.Release|iPhoneSimulator.Build.0 = Release|Any CPU
		{5BA0BF4B-823D-413A-86D9-EB5B3D719B22}.Release|x64.ActiveCfg = Release|Any CPU
		{5BA0BF4B-823D-413A-86D9-EB5B3D719B22}.Release|x64.Build.0 = Release|Any CPU
		{5BA0BF4B-823D-413A-86D9-EB5B3D719B22}.Release|x86.ActiveCfg = Release|Any CPU
		{5BA0BF4B-823D-413A-86D9-EB5B3D719B22}.Release|x86.Build.0 = Release|Any CPU
		{2E7E97A0-5AC2-441E-8EEB-07135359830F}.Ad-Hoc|Any CPU.ActiveCfg = Release|Any CPU
		{2E7E97A0-5AC2-441E-8EEB-07135359830F}.Ad-Hoc|Any CPU.Build.0 = Release|Any CPU
		{2E7E97A0-5AC2-441E-8EEB-07135359830F}.Ad-Hoc|ARM.ActiveCfg = Release|Any CPU
		{2E7E97A0-5AC2-441E-8EEB-07135359830F}.Ad-Hoc|ARM.Build.0 = Release|Any CPU
		{2E7E97A0-5AC2-441E-8EEB-07135359830F}.Ad-Hoc|ARM64.ActiveCfg = Release|Any CPU
		{2E7E97A0-5AC2-441E-8EEB-07135359830F}.Ad-Hoc|ARM64.Build.0 = Release|Any CPU
		{2E7E97A0-5AC2-441E-8EEB-07135359830F}.Ad-Hoc|iPhone.ActiveCfg = Release|Any CPU
		{2E7E97A0-5AC2-441E-8EEB-07135359830F}.Ad-Hoc|iPhone.Build.0 = Release|Any CPU
		{2E7E97A0-5AC2-441E-8EEB-07135359830F}.Ad-Hoc|iPhoneSimulator.ActiveCfg = Release|Any CPU
		{2E7E97A0-5AC2-441E-8EEB-07135359830F}.Ad-Hoc|iPhoneSimulator.Build.0 = Release|Any CPU
		{2E7E97A0-5AC2-441E-8EEB-07135359830F}.Ad-Hoc|x64.ActiveCfg = Release|Any CPU
		{2E7E97A0-5AC2-441E-8EEB-07135359830F}.Ad-Hoc|x64.Build.0 = Release|Any CPU
		{2E7E97A0-5AC2-441E-8EEB-07135359830F}.Ad-Hoc|x86.ActiveCfg = Release|Any CPU
		{2E7E97A0-5AC2-441E-8EEB-07135359830F}.Ad-Hoc|x86.Build.0 = Release|Any CPU
		{2E7E97A0-5AC2-441E-8EEB-07135359830F}.AppStore|Any CPU.ActiveCfg = Release|Any CPU
		{2E7E97A0-5AC2-441E-8EEB-07135359830F}.AppStore|Any CPU.Build.0 = Release|Any CPU
		{2E7E97A0-5AC2-441E-8EEB-07135359830F}.AppStore|ARM.ActiveCfg = Release|Any CPU
		{2E7E97A0-5AC2-441E-8EEB-07135359830F}.AppStore|ARM.Build.0 = Release|Any CPU
		{2E7E97A0-5AC2-441E-8EEB-07135359830F}.AppStore|ARM64.ActiveCfg = Release|Any CPU
		{2E7E97A0-5AC2-441E-8EEB-07135359830F}.AppStore|ARM64.Build.0 = Release|Any CPU
		{2E7E97A0-5AC2-441E-8EEB-07135359830F}.AppStore|iPhone.ActiveCfg = Release|Any CPU
		{2E7E97A0-5AC2-441E-8EEB-07135359830F}.AppStore|iPhone.Build.0 = Release|Any CPU
		{2E7E97A0-5AC2-441E-8EEB-07135359830F}.AppStore|iPhoneSimulator.ActiveCfg = Release|Any CPU
		{2E7E97A0-5AC2-441E-8EEB-07135359830F}.AppStore|iPhoneSimulator.Build.0 = Release|Any CPU
		{2E7E97A0-5AC2-441E-8EEB-07135359830F}.AppStore|x64.ActiveCfg = Release|Any CPU
		{2E7E97A0-5AC2-441E-8EEB-07135359830F}.AppStore|x64.Build.0 = Release|Any CPU
		{2E7E97A0-5AC2-441E-8EEB-07135359830F}.AppStore|x86.ActiveCfg = Release|Any CPU
		{2E7E97A0-5AC2-441E-8EEB-07135359830F}.AppStore|x86.Build.0 = Release|Any CPU
		{2E7E97A0-5AC2-441E-8EEB-07135359830F}.Debug|Any CPU.ActiveCfg = Debug|Any CPU
		{2E7E97A0-5AC2-441E-8EEB-07135359830F}.Debug|Any CPU.Build.0 = Debug|Any CPU
		{2E7E97A0-5AC2-441E-8EEB-07135359830F}.Debug|ARM.ActiveCfg = Debug|Any CPU
		{2E7E97A0-5AC2-441E-8EEB-07135359830F}.Debug|ARM.Build.0 = Debug|Any CPU
		{2E7E97A0-5AC2-441E-8EEB-07135359830F}.Debug|ARM64.ActiveCfg = Debug|Any CPU
		{2E7E97A0-5AC2-441E-8EEB-07135359830F}.Debug|ARM64.Build.0 = Debug|Any CPU
		{2E7E97A0-5AC2-441E-8EEB-07135359830F}.Debug|iPhone.ActiveCfg = Debug|Any CPU
		{2E7E97A0-5AC2-441E-8EEB-07135359830F}.Debug|iPhone.Build.0 = Debug|Any CPU
		{2E7E97A0-5AC2-441E-8EEB-07135359830F}.Debug|iPhoneSimulator.ActiveCfg = Debug|Any CPU
		{2E7E97A0-5AC2-441E-8EEB-07135359830F}.Debug|iPhoneSimulator.Build.0 = Debug|Any CPU
		{2E7E97A0-5AC2-441E-8EEB-07135359830F}.Debug|x64.ActiveCfg = Debug|Any CPU
		{2E7E97A0-5AC2-441E-8EEB-07135359830F}.Debug|x64.Build.0 = Debug|Any CPU
		{2E7E97A0-5AC2-441E-8EEB-07135359830F}.Debug|x86.ActiveCfg = Debug|Any CPU
		{2E7E97A0-5AC2-441E-8EEB-07135359830F}.Debug|x86.Build.0 = Debug|Any CPU
		{2E7E97A0-5AC2-441E-8EEB-07135359830F}.Release|Any CPU.ActiveCfg = Release|Any CPU
		{2E7E97A0-5AC2-441E-8EEB-07135359830F}.Release|Any CPU.Build.0 = Release|Any CPU
		{2E7E97A0-5AC2-441E-8EEB-07135359830F}.Release|ARM.ActiveCfg = Release|Any CPU
		{2E7E97A0-5AC2-441E-8EEB-07135359830F}.Release|ARM.Build.0 = Release|Any CPU
		{2E7E97A0-5AC2-441E-8EEB-07135359830F}.Release|ARM64.ActiveCfg = Release|Any CPU
		{2E7E97A0-5AC2-441E-8EEB-07135359830F}.Release|ARM64.Build.0 = Release|Any CPU
		{2E7E97A0-5AC2-441E-8EEB-07135359830F}.Release|iPhone.ActiveCfg = Release|Any CPU
		{2E7E97A0-5AC2-441E-8EEB-07135359830F}.Release|iPhone.Build.0 = Release|Any CPU
		{2E7E97A0-5AC2-441E-8EEB-07135359830F}.Release|iPhoneSimulator.ActiveCfg = Release|Any CPU
		{2E7E97A0-5AC2-441E-8EEB-07135359830F}.Release|iPhoneSimulator.Build.0 = Release|Any CPU
		{2E7E97A0-5AC2-441E-8EEB-07135359830F}.Release|x64.ActiveCfg = Release|Any CPU
		{2E7E97A0-5AC2-441E-8EEB-07135359830F}.Release|x64.Build.0 = Release|Any CPU
		{2E7E97A0-5AC2-441E-8EEB-07135359830F}.Release|x86.ActiveCfg = Release|Any CPU
		{2E7E97A0-5AC2-441E-8EEB-07135359830F}.Release|x86.Build.0 = Release|Any CPU
		{657C72BA-14A4-4BC2-8B9F-D354690864D7}.Ad-Hoc|Any CPU.ActiveCfg = Debug|Any CPU
		{657C72BA-14A4-4BC2-8B9F-D354690864D7}.Ad-Hoc|Any CPU.Build.0 = Debug|Any CPU
		{657C72BA-14A4-4BC2-8B9F-D354690864D7}.Ad-Hoc|Any CPU.Deploy.0 = Debug|Any CPU
		{657C72BA-14A4-4BC2-8B9F-D354690864D7}.Ad-Hoc|ARM.ActiveCfg = Debug|Any CPU
		{657C72BA-14A4-4BC2-8B9F-D354690864D7}.Ad-Hoc|ARM.Build.0 = Debug|Any CPU
		{657C72BA-14A4-4BC2-8B9F-D354690864D7}.Ad-Hoc|ARM.Deploy.0 = Debug|Any CPU
		{657C72BA-14A4-4BC2-8B9F-D354690864D7}.Ad-Hoc|ARM64.ActiveCfg = Debug|Any CPU
		{657C72BA-14A4-4BC2-8B9F-D354690864D7}.Ad-Hoc|ARM64.Build.0 = Debug|Any CPU
		{657C72BA-14A4-4BC2-8B9F-D354690864D7}.Ad-Hoc|ARM64.Deploy.0 = Debug|Any CPU
		{657C72BA-14A4-4BC2-8B9F-D354690864D7}.Ad-Hoc|iPhone.ActiveCfg = Debug|Any CPU
		{657C72BA-14A4-4BC2-8B9F-D354690864D7}.Ad-Hoc|iPhone.Build.0 = Debug|Any CPU
		{657C72BA-14A4-4BC2-8B9F-D354690864D7}.Ad-Hoc|iPhone.Deploy.0 = Debug|Any CPU
		{657C72BA-14A4-4BC2-8B9F-D354690864D7}.Ad-Hoc|iPhoneSimulator.ActiveCfg = Debug|Any CPU
		{657C72BA-14A4-4BC2-8B9F-D354690864D7}.Ad-Hoc|iPhoneSimulator.Build.0 = Debug|Any CPU
		{657C72BA-14A4-4BC2-8B9F-D354690864D7}.Ad-Hoc|iPhoneSimulator.Deploy.0 = Debug|Any CPU
		{657C72BA-14A4-4BC2-8B9F-D354690864D7}.Ad-Hoc|x64.ActiveCfg = Debug|Any CPU
		{657C72BA-14A4-4BC2-8B9F-D354690864D7}.Ad-Hoc|x64.Build.0 = Debug|Any CPU
		{657C72BA-14A4-4BC2-8B9F-D354690864D7}.Ad-Hoc|x64.Deploy.0 = Debug|Any CPU
		{657C72BA-14A4-4BC2-8B9F-D354690864D7}.Ad-Hoc|x86.ActiveCfg = Debug|Any CPU
		{657C72BA-14A4-4BC2-8B9F-D354690864D7}.Ad-Hoc|x86.Build.0 = Debug|Any CPU
		{657C72BA-14A4-4BC2-8B9F-D354690864D7}.Ad-Hoc|x86.Deploy.0 = Debug|Any CPU
		{657C72BA-14A4-4BC2-8B9F-D354690864D7}.AppStore|Any CPU.ActiveCfg = Debug|Any CPU
		{657C72BA-14A4-4BC2-8B9F-D354690864D7}.AppStore|Any CPU.Build.0 = Debug|Any CPU
		{657C72BA-14A4-4BC2-8B9F-D354690864D7}.AppStore|Any CPU.Deploy.0 = Debug|Any CPU
		{657C72BA-14A4-4BC2-8B9F-D354690864D7}.AppStore|ARM.ActiveCfg = Debug|Any CPU
		{657C72BA-14A4-4BC2-8B9F-D354690864D7}.AppStore|ARM.Build.0 = Debug|Any CPU
		{657C72BA-14A4-4BC2-8B9F-D354690864D7}.AppStore|ARM.Deploy.0 = Debug|Any CPU
		{657C72BA-14A4-4BC2-8B9F-D354690864D7}.AppStore|ARM64.ActiveCfg = Debug|Any CPU
		{657C72BA-14A4-4BC2-8B9F-D354690864D7}.AppStore|ARM64.Build.0 = Debug|Any CPU
		{657C72BA-14A4-4BC2-8B9F-D354690864D7}.AppStore|ARM64.Deploy.0 = Debug|Any CPU
		{657C72BA-14A4-4BC2-8B9F-D354690864D7}.AppStore|iPhone.ActiveCfg = Debug|Any CPU
		{657C72BA-14A4-4BC2-8B9F-D354690864D7}.AppStore|iPhone.Build.0 = Debug|Any CPU
		{657C72BA-14A4-4BC2-8B9F-D354690864D7}.AppStore|iPhone.Deploy.0 = Debug|Any CPU
		{657C72BA-14A4-4BC2-8B9F-D354690864D7}.AppStore|iPhoneSimulator.ActiveCfg = Debug|Any CPU
		{657C72BA-14A4-4BC2-8B9F-D354690864D7}.AppStore|iPhoneSimulator.Build.0 = Debug|Any CPU
		{657C72BA-14A4-4BC2-8B9F-D354690864D7}.AppStore|iPhoneSimulator.Deploy.0 = Debug|Any CPU
		{657C72BA-14A4-4BC2-8B9F-D354690864D7}.AppStore|x64.ActiveCfg = Debug|Any CPU
		{657C72BA-14A4-4BC2-8B9F-D354690864D7}.AppStore|x64.Build.0 = Debug|Any CPU
		{657C72BA-14A4-4BC2-8B9F-D354690864D7}.AppStore|x64.Deploy.0 = Debug|Any CPU
		{657C72BA-14A4-4BC2-8B9F-D354690864D7}.AppStore|x86.ActiveCfg = Debug|Any CPU
		{657C72BA-14A4-4BC2-8B9F-D354690864D7}.AppStore|x86.Build.0 = Debug|Any CPU
		{657C72BA-14A4-4BC2-8B9F-D354690864D7}.AppStore|x86.Deploy.0 = Debug|Any CPU
		{657C72BA-14A4-4BC2-8B9F-D354690864D7}.Debug|Any CPU.ActiveCfg = Debug|Any CPU
		{657C72BA-14A4-4BC2-8B9F-D354690864D7}.Debug|Any CPU.Build.0 = Debug|Any CPU
		{657C72BA-14A4-4BC2-8B9F-D354690864D7}.Debug|Any CPU.Deploy.0 = Debug|Any CPU
		{657C72BA-14A4-4BC2-8B9F-D354690864D7}.Debug|ARM.ActiveCfg = Debug|Any CPU
		{657C72BA-14A4-4BC2-8B9F-D354690864D7}.Debug|ARM.Build.0 = Debug|Any CPU
		{657C72BA-14A4-4BC2-8B9F-D354690864D7}.Debug|ARM.Deploy.0 = Debug|Any CPU
		{657C72BA-14A4-4BC2-8B9F-D354690864D7}.Debug|ARM64.ActiveCfg = Debug|Any CPU
		{657C72BA-14A4-4BC2-8B9F-D354690864D7}.Debug|ARM64.Build.0 = Debug|Any CPU
		{657C72BA-14A4-4BC2-8B9F-D354690864D7}.Debug|ARM64.Deploy.0 = Debug|Any CPU
		{657C72BA-14A4-4BC2-8B9F-D354690864D7}.Debug|iPhone.ActiveCfg = Debug|Any CPU
		{657C72BA-14A4-4BC2-8B9F-D354690864D7}.Debug|iPhone.Build.0 = Debug|Any CPU
		{657C72BA-14A4-4BC2-8B9F-D354690864D7}.Debug|iPhone.Deploy.0 = Debug|Any CPU
		{657C72BA-14A4-4BC2-8B9F-D354690864D7}.Debug|iPhoneSimulator.ActiveCfg = Debug|Any CPU
		{657C72BA-14A4-4BC2-8B9F-D354690864D7}.Debug|iPhoneSimulator.Build.0 = Debug|Any CPU
		{657C72BA-14A4-4BC2-8B9F-D354690864D7}.Debug|iPhoneSimulator.Deploy.0 = Debug|Any CPU
		{657C72BA-14A4-4BC2-8B9F-D354690864D7}.Debug|x64.ActiveCfg = Debug|Any CPU
		{657C72BA-14A4-4BC2-8B9F-D354690864D7}.Debug|x64.Build.0 = Debug|Any CPU
		{657C72BA-14A4-4BC2-8B9F-D354690864D7}.Debug|x64.Deploy.0 = Debug|Any CPU
		{657C72BA-14A4-4BC2-8B9F-D354690864D7}.Debug|x86.ActiveCfg = Debug|Any CPU
		{657C72BA-14A4-4BC2-8B9F-D354690864D7}.Debug|x86.Build.0 = Debug|Any CPU
		{657C72BA-14A4-4BC2-8B9F-D354690864D7}.Debug|x86.Deploy.0 = Debug|Any CPU
		{657C72BA-14A4-4BC2-8B9F-D354690864D7}.Release|Any CPU.ActiveCfg = Release|Any CPU
		{657C72BA-14A4-4BC2-8B9F-D354690864D7}.Release|Any CPU.Build.0 = Release|Any CPU
		{657C72BA-14A4-4BC2-8B9F-D354690864D7}.Release|Any CPU.Deploy.0 = Release|Any CPU
		{657C72BA-14A4-4BC2-8B9F-D354690864D7}.Release|ARM.ActiveCfg = Release|Any CPU
		{657C72BA-14A4-4BC2-8B9F-D354690864D7}.Release|ARM.Build.0 = Release|Any CPU
		{657C72BA-14A4-4BC2-8B9F-D354690864D7}.Release|ARM.Deploy.0 = Release|Any CPU
		{657C72BA-14A4-4BC2-8B9F-D354690864D7}.Release|ARM64.ActiveCfg = Release|Any CPU
		{657C72BA-14A4-4BC2-8B9F-D354690864D7}.Release|ARM64.Build.0 = Release|Any CPU
		{657C72BA-14A4-4BC2-8B9F-D354690864D7}.Release|ARM64.Deploy.0 = Release|Any CPU
		{657C72BA-14A4-4BC2-8B9F-D354690864D7}.Release|iPhone.ActiveCfg = Release|Any CPU
		{657C72BA-14A4-4BC2-8B9F-D354690864D7}.Release|iPhone.Build.0 = Release|Any CPU
		{657C72BA-14A4-4BC2-8B9F-D354690864D7}.Release|iPhone.Deploy.0 = Release|Any CPU
		{657C72BA-14A4-4BC2-8B9F-D354690864D7}.Release|iPhoneSimulator.ActiveCfg = Release|Any CPU
		{657C72BA-14A4-4BC2-8B9F-D354690864D7}.Release|iPhoneSimulator.Build.0 = Release|Any CPU
		{657C72BA-14A4-4BC2-8B9F-D354690864D7}.Release|iPhoneSimulator.Deploy.0 = Release|Any CPU
		{657C72BA-14A4-4BC2-8B9F-D354690864D7}.Release|x64.ActiveCfg = Release|Any CPU
		{657C72BA-14A4-4BC2-8B9F-D354690864D7}.Release|x64.Build.0 = Release|Any CPU
		{657C72BA-14A4-4BC2-8B9F-D354690864D7}.Release|x64.Deploy.0 = Release|Any CPU
		{657C72BA-14A4-4BC2-8B9F-D354690864D7}.Release|x86.ActiveCfg = Release|Any CPU
		{657C72BA-14A4-4BC2-8B9F-D354690864D7}.Release|x86.Build.0 = Release|Any CPU
		{657C72BA-14A4-4BC2-8B9F-D354690864D7}.Release|x86.Deploy.0 = Release|Any CPU
		{03DA2B9A-9850-4D9B-82BD-562D22C4D7DD}.Ad-Hoc|Any CPU.ActiveCfg = Ad-Hoc|iPhoneSimulator
		{03DA2B9A-9850-4D9B-82BD-562D22C4D7DD}.Ad-Hoc|ARM.ActiveCfg = Ad-Hoc|iPhoneSimulator
		{03DA2B9A-9850-4D9B-82BD-562D22C4D7DD}.Ad-Hoc|ARM64.ActiveCfg = Ad-Hoc|iPhoneSimulator
		{03DA2B9A-9850-4D9B-82BD-562D22C4D7DD}.Ad-Hoc|iPhone.ActiveCfg = Ad-Hoc|iPhone
		{03DA2B9A-9850-4D9B-82BD-562D22C4D7DD}.Ad-Hoc|iPhone.Build.0 = Ad-Hoc|iPhone
		{03DA2B9A-9850-4D9B-82BD-562D22C4D7DD}.Ad-Hoc|iPhoneSimulator.ActiveCfg = Ad-Hoc|iPhoneSimulator
		{03DA2B9A-9850-4D9B-82BD-562D22C4D7DD}.Ad-Hoc|iPhoneSimulator.Build.0 = Ad-Hoc|iPhoneSimulator
		{03DA2B9A-9850-4D9B-82BD-562D22C4D7DD}.Ad-Hoc|x64.ActiveCfg = Ad-Hoc|iPhoneSimulator
		{03DA2B9A-9850-4D9B-82BD-562D22C4D7DD}.Ad-Hoc|x86.ActiveCfg = Ad-Hoc|iPhoneSimulator
		{03DA2B9A-9850-4D9B-82BD-562D22C4D7DD}.AppStore|Any CPU.ActiveCfg = AppStore|iPhoneSimulator
		{03DA2B9A-9850-4D9B-82BD-562D22C4D7DD}.AppStore|ARM.ActiveCfg = AppStore|iPhoneSimulator
		{03DA2B9A-9850-4D9B-82BD-562D22C4D7DD}.AppStore|ARM64.ActiveCfg = AppStore|iPhoneSimulator
		{03DA2B9A-9850-4D9B-82BD-562D22C4D7DD}.AppStore|iPhone.ActiveCfg = AppStore|iPhone
		{03DA2B9A-9850-4D9B-82BD-562D22C4D7DD}.AppStore|iPhone.Build.0 = AppStore|iPhone
		{03DA2B9A-9850-4D9B-82BD-562D22C4D7DD}.AppStore|iPhoneSimulator.ActiveCfg = AppStore|iPhoneSimulator
		{03DA2B9A-9850-4D9B-82BD-562D22C4D7DD}.AppStore|iPhoneSimulator.Build.0 = AppStore|iPhoneSimulator
		{03DA2B9A-9850-4D9B-82BD-562D22C4D7DD}.AppStore|x64.ActiveCfg = AppStore|iPhoneSimulator
		{03DA2B9A-9850-4D9B-82BD-562D22C4D7DD}.AppStore|x86.ActiveCfg = AppStore|iPhoneSimulator
		{03DA2B9A-9850-4D9B-82BD-562D22C4D7DD}.Debug|Any CPU.ActiveCfg = Debug|iPhoneSimulator
		{03DA2B9A-9850-4D9B-82BD-562D22C4D7DD}.Debug|ARM.ActiveCfg = Debug|iPhoneSimulator
		{03DA2B9A-9850-4D9B-82BD-562D22C4D7DD}.Debug|ARM64.ActiveCfg = Debug|iPhoneSimulator
		{03DA2B9A-9850-4D9B-82BD-562D22C4D7DD}.Debug|iPhone.ActiveCfg = Debug|iPhone
		{03DA2B9A-9850-4D9B-82BD-562D22C4D7DD}.Debug|iPhone.Build.0 = Debug|iPhone
		{03DA2B9A-9850-4D9B-82BD-562D22C4D7DD}.Debug|iPhoneSimulator.ActiveCfg = Debug|iPhoneSimulator
		{03DA2B9A-9850-4D9B-82BD-562D22C4D7DD}.Debug|iPhoneSimulator.Build.0 = Debug|iPhoneSimulator
		{03DA2B9A-9850-4D9B-82BD-562D22C4D7DD}.Debug|x64.ActiveCfg = Debug|iPhoneSimulator
		{03DA2B9A-9850-4D9B-82BD-562D22C4D7DD}.Debug|x86.ActiveCfg = Debug|iPhoneSimulator
		{03DA2B9A-9850-4D9B-82BD-562D22C4D7DD}.Release|Any CPU.ActiveCfg = Release|iPhoneSimulator
		{03DA2B9A-9850-4D9B-82BD-562D22C4D7DD}.Release|ARM.ActiveCfg = Release|iPhoneSimulator
		{03DA2B9A-9850-4D9B-82BD-562D22C4D7DD}.Release|ARM64.ActiveCfg = Release|iPhoneSimulator
		{03DA2B9A-9850-4D9B-82BD-562D22C4D7DD}.Release|iPhone.ActiveCfg = Release|iPhone
		{03DA2B9A-9850-4D9B-82BD-562D22C4D7DD}.Release|iPhone.Build.0 = Release|iPhone
		{03DA2B9A-9850-4D9B-82BD-562D22C4D7DD}.Release|iPhoneSimulator.ActiveCfg = Release|iPhoneSimulator
		{03DA2B9A-9850-4D9B-82BD-562D22C4D7DD}.Release|iPhoneSimulator.Build.0 = Release|iPhoneSimulator
		{03DA2B9A-9850-4D9B-82BD-562D22C4D7DD}.Release|x64.ActiveCfg = Release|iPhoneSimulator
		{03DA2B9A-9850-4D9B-82BD-562D22C4D7DD}.Release|x86.ActiveCfg = Release|iPhoneSimulator
		{9B258183-8370-4C86-9241-340BDF73E67F}.Ad-Hoc|Any CPU.ActiveCfg = Debug|x86
		{9B258183-8370-4C86-9241-340BDF73E67F}.Ad-Hoc|Any CPU.Build.0 = Debug|x86
		{9B258183-8370-4C86-9241-340BDF73E67F}.Ad-Hoc|Any CPU.Deploy.0 = Debug|x86
		{9B258183-8370-4C86-9241-340BDF73E67F}.Ad-Hoc|ARM.ActiveCfg = Debug|ARM
		{9B258183-8370-4C86-9241-340BDF73E67F}.Ad-Hoc|ARM.Build.0 = Debug|ARM
		{9B258183-8370-4C86-9241-340BDF73E67F}.Ad-Hoc|ARM.Deploy.0 = Debug|ARM
		{9B258183-8370-4C86-9241-340BDF73E67F}.Ad-Hoc|ARM64.ActiveCfg = Debug|ARM64
		{9B258183-8370-4C86-9241-340BDF73E67F}.Ad-Hoc|ARM64.Build.0 = Debug|ARM64
		{9B258183-8370-4C86-9241-340BDF73E67F}.Ad-Hoc|ARM64.Deploy.0 = Debug|ARM64
		{9B258183-8370-4C86-9241-340BDF73E67F}.Ad-Hoc|iPhone.ActiveCfg = Debug|x86
		{9B258183-8370-4C86-9241-340BDF73E67F}.Ad-Hoc|iPhone.Build.0 = Debug|x86
		{9B258183-8370-4C86-9241-340BDF73E67F}.Ad-Hoc|iPhone.Deploy.0 = Debug|x86
		{9B258183-8370-4C86-9241-340BDF73E67F}.Ad-Hoc|iPhoneSimulator.ActiveCfg = Debug|x86
		{9B258183-8370-4C86-9241-340BDF73E67F}.Ad-Hoc|iPhoneSimulator.Build.0 = Debug|x86
		{9B258183-8370-4C86-9241-340BDF73E67F}.Ad-Hoc|iPhoneSimulator.Deploy.0 = Debug|x86
		{9B258183-8370-4C86-9241-340BDF73E67F}.Ad-Hoc|x64.ActiveCfg = Debug|x64
		{9B258183-8370-4C86-9241-340BDF73E67F}.Ad-Hoc|x64.Build.0 = Debug|x64
		{9B258183-8370-4C86-9241-340BDF73E67F}.Ad-Hoc|x64.Deploy.0 = Debug|x64
		{9B258183-8370-4C86-9241-340BDF73E67F}.Ad-Hoc|x86.ActiveCfg = Debug|x86
		{9B258183-8370-4C86-9241-340BDF73E67F}.Ad-Hoc|x86.Build.0 = Debug|x86
		{9B258183-8370-4C86-9241-340BDF73E67F}.Ad-Hoc|x86.Deploy.0 = Debug|x86
		{9B258183-8370-4C86-9241-340BDF73E67F}.AppStore|Any CPU.ActiveCfg = Debug|x86
		{9B258183-8370-4C86-9241-340BDF73E67F}.AppStore|Any CPU.Build.0 = Debug|x86
		{9B258183-8370-4C86-9241-340BDF73E67F}.AppStore|Any CPU.Deploy.0 = Debug|x86
		{9B258183-8370-4C86-9241-340BDF73E67F}.AppStore|ARM.ActiveCfg = Debug|ARM
		{9B258183-8370-4C86-9241-340BDF73E67F}.AppStore|ARM.Build.0 = Debug|ARM
		{9B258183-8370-4C86-9241-340BDF73E67F}.AppStore|ARM.Deploy.0 = Debug|ARM
		{9B258183-8370-4C86-9241-340BDF73E67F}.AppStore|ARM64.ActiveCfg = Debug|ARM64
		{9B258183-8370-4C86-9241-340BDF73E67F}.AppStore|ARM64.Build.0 = Debug|ARM64
		{9B258183-8370-4C86-9241-340BDF73E67F}.AppStore|ARM64.Deploy.0 = Debug|ARM64
		{9B258183-8370-4C86-9241-340BDF73E67F}.AppStore|iPhone.ActiveCfg = Debug|x86
		{9B258183-8370-4C86-9241-340BDF73E67F}.AppStore|iPhone.Build.0 = Debug|x86
		{9B258183-8370-4C86-9241-340BDF73E67F}.AppStore|iPhone.Deploy.0 = Debug|x86
		{9B258183-8370-4C86-9241-340BDF73E67F}.AppStore|iPhoneSimulator.ActiveCfg = Debug|x86
		{9B258183-8370-4C86-9241-340BDF73E67F}.AppStore|iPhoneSimulator.Build.0 = Debug|x86
		{9B258183-8370-4C86-9241-340BDF73E67F}.AppStore|iPhoneSimulator.Deploy.0 = Debug|x86
		{9B258183-8370-4C86-9241-340BDF73E67F}.AppStore|x64.ActiveCfg = Debug|x64
		{9B258183-8370-4C86-9241-340BDF73E67F}.AppStore|x64.Build.0 = Debug|x64
		{9B258183-8370-4C86-9241-340BDF73E67F}.AppStore|x64.Deploy.0 = Debug|x64
		{9B258183-8370-4C86-9241-340BDF73E67F}.AppStore|x86.ActiveCfg = Debug|x86
		{9B258183-8370-4C86-9241-340BDF73E67F}.AppStore|x86.Build.0 = Debug|x86
		{9B258183-8370-4C86-9241-340BDF73E67F}.AppStore|x86.Deploy.0 = Debug|x86
		{9B258183-8370-4C86-9241-340BDF73E67F}.Debug|Any CPU.ActiveCfg = Debug|x86
		{9B258183-8370-4C86-9241-340BDF73E67F}.Debug|ARM.ActiveCfg = Debug|ARM
		{9B258183-8370-4C86-9241-340BDF73E67F}.Debug|ARM.Build.0 = Debug|ARM
		{9B258183-8370-4C86-9241-340BDF73E67F}.Debug|ARM.Deploy.0 = Debug|ARM
		{9B258183-8370-4C86-9241-340BDF73E67F}.Debug|ARM64.ActiveCfg = Debug|ARM64
		{9B258183-8370-4C86-9241-340BDF73E67F}.Debug|ARM64.Build.0 = Debug|ARM64
		{9B258183-8370-4C86-9241-340BDF73E67F}.Debug|ARM64.Deploy.0 = Debug|ARM64
		{9B258183-8370-4C86-9241-340BDF73E67F}.Debug|iPhone.ActiveCfg = Debug|x86
		{9B258183-8370-4C86-9241-340BDF73E67F}.Debug|iPhoneSimulator.ActiveCfg = Debug|x86
		{9B258183-8370-4C86-9241-340BDF73E67F}.Debug|x64.ActiveCfg = Debug|x64
		{9B258183-8370-4C86-9241-340BDF73E67F}.Debug|x64.Build.0 = Debug|x64
		{9B258183-8370-4C86-9241-340BDF73E67F}.Debug|x64.Deploy.0 = Debug|x64
		{9B258183-8370-4C86-9241-340BDF73E67F}.Debug|x86.ActiveCfg = Debug|x86
		{9B258183-8370-4C86-9241-340BDF73E67F}.Debug|x86.Build.0 = Debug|x86
		{9B258183-8370-4C86-9241-340BDF73E67F}.Debug|x86.Deploy.0 = Debug|x86
		{9B258183-8370-4C86-9241-340BDF73E67F}.Release|Any CPU.ActiveCfg = Release|x86
		{9B258183-8370-4C86-9241-340BDF73E67F}.Release|ARM.ActiveCfg = Release|ARM
		{9B258183-8370-4C86-9241-340BDF73E67F}.Release|ARM.Build.0 = Release|ARM
		{9B258183-8370-4C86-9241-340BDF73E67F}.Release|ARM.Deploy.0 = Release|ARM
		{9B258183-8370-4C86-9241-340BDF73E67F}.Release|ARM64.ActiveCfg = Release|ARM64
		{9B258183-8370-4C86-9241-340BDF73E67F}.Release|ARM64.Build.0 = Release|ARM64
		{9B258183-8370-4C86-9241-340BDF73E67F}.Release|ARM64.Deploy.0 = Release|ARM64
		{9B258183-8370-4C86-9241-340BDF73E67F}.Release|iPhone.ActiveCfg = Release|x86
		{9B258183-8370-4C86-9241-340BDF73E67F}.Release|iPhoneSimulator.ActiveCfg = Release|x86
		{9B258183-8370-4C86-9241-340BDF73E67F}.Release|x64.ActiveCfg = Release|x64
		{9B258183-8370-4C86-9241-340BDF73E67F}.Release|x64.Build.0 = Release|x64
		{9B258183-8370-4C86-9241-340BDF73E67F}.Release|x64.Deploy.0 = Release|x64
		{9B258183-8370-4C86-9241-340BDF73E67F}.Release|x86.ActiveCfg = Release|x86
		{9B258183-8370-4C86-9241-340BDF73E67F}.Release|x86.Build.0 = Release|x86
		{9B258183-8370-4C86-9241-340BDF73E67F}.Release|x86.Deploy.0 = Release|x86
	EndGlobalSection
	GlobalSection(SolutionProperties) = preSolution
		HideSolutionNode = FALSE
	EndGlobalSection
	GlobalSection(NestedProjects) = preSolution
		{657C72BA-14A4-4BC2-8B9F-D354690864D7} = {11F483A8-6626-46F6-8A8F-E62D1BBCE205}
		{03DA2B9A-9850-4D9B-82BD-562D22C4D7DD} = {11F483A8-6626-46F6-8A8F-E62D1BBCE205}
		{9B258183-8370-4C86-9241-340BDF73E67F} = {11F483A8-6626-46F6-8A8F-E62D1BBCE205}
	EndGlobalSection
	GlobalSection(ExtensibilityGlobals) = postSolution
		SolutionGuid = {09DD425B-7B31-45D5-83FD-0F8CA1AF9E75}
	EndGlobalSection
EndGlobal
