
Microsoft Visual Studio Solution File, Format Version 12.00
# Visual Studio Version 16
VisualStudioVersion = 16.0.29613.14
MinimumVisualStudioVersion = 10.0.40219.1
Project("{FAE04EC0-301F-11D3-BF4B-00C04F79EFBC}") = "LibAPNG.Test", "LibAPNG.Test\LibAPNG.Test.csproj", "{AC9F9813-FE62-4797-9A06-3D51D5AAFA97}"
EndProject
Project("{2150E333-8FDC-42A3-9474-1A3956D46DE8}") = "Solution Items", "Solution Items", "{36B4DA2A-244D-4453-81B0-4F38305D740C}"
	ProjectSection(SolutionItems) = preProject
		README.md = README.md
	EndProjectSection
EndProject
Project("{FAE04EC0-301F-11D3-BF4B-00C04F79EFBC}") = "LibAPNG", "LibAPNG\LibAPNG.csproj", "{7604B0C8-8EBC-40CD-BF8B-BF21EF213908}"
EndProject
Project("{FAE04EC0-301F-11D3-BF4B-00C04F79EFBC}") = "LibAPNG.WPF", "LibAPNG.WPF\LibAPNG.WPF.csproj", "{455F16BC-AE64-4620-B55D-D4E70467CF9D}"
EndProject
Project("{FAE04EC0-301F-11D3-BF4B-00C04F79EFBC}") = "LibAPNG.WPF.Test", "LibAPNG.WPF.Test\LibAPNG.WPF.Test.csproj", "{3F186A97-A92D-46C1-BFD5-41D930DB6773}"
EndProject
Global
	GlobalSection(SolutionConfigurationPlatforms) = preSolution
		Debug|Any CPU = Debug|Any CPU
		Debug|Mixed Platforms = Debug|Mixed Platforms
		Debug|x86 = Debug|x86
		Release|Any CPU = Release|Any CPU
		Release|Mixed Platforms = Release|Mixed Platforms
		Release|x86 = Release|x86
	EndGlobalSection
	GlobalSection(ProjectConfigurationPlatforms) = postSolution
		{AC9F9813-FE62-4797-9A06-3D51D5AAFA97}.Debug|Any CPU.ActiveCfg = Debug|x86
		{AC9F9813-FE62-4797-9A06-3D51D5AAFA97}.Debug|Mixed Platforms.ActiveCfg = Debug|x86
		{AC9F9813-FE62-4797-9A06-3D51D5AAFA97}.Debug|Mixed Platforms.Build.0 = Debug|x86
		{AC9F9813-FE62-4797-9A06-3D51D5AAFA97}.Debug|x86.ActiveCfg = Debug|x86
		{AC9F9813-FE62-4797-9A06-3D51D5AAFA97}.Debug|x86.Build.0 = Debug|x86
		{AC9F9813-FE62-4797-9A06-3D51D5AAFA97}.Release|Any CPU.ActiveCfg = Release|x86
		{AC9F9813-FE62-4797-9A06-3D51D5AAFA97}.Release|Mixed Platforms.ActiveCfg = Release|x86
		{AC9F9813-FE62-4797-9A06-3D51D5AAFA97}.Release|Mixed Platforms.Build.0 = Release|x86
		{AC9F9813-FE62-4797-9A06-3D51D5AAFA97}.Release|x86.ActiveCfg = Release|x86
		{AC9F9813-FE62-4797-9A06-3D51D5AAFA97}.Release|x86.Build.0 = Release|x86
		{7604B0C8-8EBC-40CD-BF8B-BF21EF213908}.Debug|Any CPU.ActiveCfg = Debug|Any CPU
		{7604B0C8-8EBC-40CD-BF8B-BF21EF213908}.Debug|Any CPU.Build.0 = Debug|Any CPU
		{7604B0C8-8EBC-40CD-BF8B-BF21EF213908}.Debug|Mixed Platforms.ActiveCfg = Debug|Any CPU
		{7604B0C8-8EBC-40CD-BF8B-BF21EF213908}.Debug|Mixed Platforms.Build.0 = Debug|Any CPU
		{7604B0C8-8EBC-40CD-BF8B-BF21EF213908}.Debug|x86.ActiveCfg = Debug|Any CPU
		{7604B0C8-8EBC-40CD-BF8B-BF21EF213908}.Debug|x86.Build.0 = Debug|Any CPU
		{7604B0C8-8EBC-40CD-BF8B-BF21EF213908}.Release|Any CPU.ActiveCfg = Release|Any CPU
		{7604B0C8-8EBC-40CD-BF8B-BF21EF213908}.Release|Any CPU.Build.0 = Release|Any CPU
		{7604B0C8-8EBC-40CD-BF8B-BF21EF213908}.Release|Mixed Platforms.ActiveCfg = Release|Any CPU
		{7604B0C8-8EBC-40CD-BF8B-BF21EF213908}.Release|Mixed Platforms.Build.0 = Release|Any CPU
		{7604B0C8-8EBC-40CD-BF8B-BF21EF213908}.Release|x86.ActiveCfg = Release|Any CPU
		{7604B0C8-8EBC-40CD-BF8B-BF21EF213908}.Release|x86.Build.0 = Release|Any CPU
		{455F16BC-AE64-4620-B55D-D4E70467CF9D}.Debug|Any CPU.ActiveCfg = Debug|Any CPU
		{455F16BC-AE64-4620-B55D-D4E70467CF9D}.Debug|Any CPU.Build.0 = Debug|Any CPU
		{455F16BC-AE64-4620-B55D-D4E70467CF9D}.Debug|Mixed Platforms.ActiveCfg = Debug|Any CPU
		{455F16BC-AE64-4620-B55D-D4E70467CF9D}.Debug|Mixed Platforms.Build.0 = Debug|Any CPU
		{455F16BC-AE64-4620-B55D-D4E70467CF9D}.Debug|x86.ActiveCfg = Debug|Any CPU
		{455F16BC-AE64-4620-B55D-D4E70467CF9D}.Debug|x86.Build.0 = Debug|Any CPU
		{455F16BC-AE64-4620-B55D-D4E70467CF9D}.Release|Any CPU.ActiveCfg = Release|Any CPU
		{455F16BC-AE64-4620-B55D-D4E70467CF9D}.Release|Any CPU.Build.0 = Release|Any CPU
		{455F16BC-AE64-4620-B55D-D4E70467CF9D}.Release|Mixed Platforms.ActiveCfg = Release|Any CPU
		{455F16BC-AE64-4620-B55D-D4E70467CF9D}.Release|Mixed Platforms.Build.0 = Release|Any CPU
		{455F16BC-AE64-4620-B55D-D4E70467CF9D}.Release|x86.ActiveCfg = Release|Any CPU
		{455F16BC-AE64-4620-B55D-D4E70467CF9D}.Release|x86.Build.0 = Release|Any CPU
		{3F186A97-A92D-46C1-BFD5-41D930DB6773}.Debug|Any CPU.ActiveCfg = Debug|Any CPU
		{3F186A97-A92D-46C1-BFD5-41D930DB6773}.Debug|Any CPU.Build.0 = Debug|Any CPU
		{3F186A97-A92D-46C1-BFD5-41D930DB6773}.Debug|Mixed Platforms.ActiveCfg = Debug|Any CPU
		{3F186A97-A92D-46C1-BFD5-41D930DB6773}.Debug|Mixed Platforms.Build.0 = Debug|Any CPU
		{3F186A97-A92D-46C1-BFD5-41D930DB6773}.Debug|x86.ActiveCfg = Debug|Any CPU
		{3F186A97-A92D-46C1-BFD5-41D930DB6773}.Debug|x86.Build.0 = Debug|Any CPU
		{3F186A97-A92D-46C1-BFD5-41D930DB6773}.Release|Any CPU.ActiveCfg = Release|Any CPU
		{3F186A97-A92D-46C1-BFD5-41D930DB6773}.Release|Any CPU.Build.0 = Release|Any CPU
		{3F186A97-A92D-46C1-BFD5-41D930DB6773}.Release|Mixed Platforms.ActiveCfg = Release|Any CPU
		{3F186A97-A92D-46C1-BFD5-41D930DB6773}.Release|Mixed Platforms.Build.0 = Release|Any CPU
		{3F186A97-A92D-46C1-BFD5-41D930DB6773}.Release|x86.ActiveCfg = Release|Any CPU
		{3F186A97-A92D-46C1-BFD5-41D930DB6773}.Release|x86.Build.0 = Release|Any CPU
	EndGlobalSection
	GlobalSection(SolutionProperties) = preSolution
		HideSolutionNode = FALSE
	EndGlobalSection
	GlobalSection(ExtensibilityGlobals) = postSolution
		SolutionGuid = {7497765F-20D8-40D8-94AD-2392E65320B1}
	EndGlobalSection
EndGlobal
